
Microsoft Visual Studio Solution File, Format Version 12.00
# Visual Studio Version 16
VisualStudioVersion = 16.0.31129.286
MinimumVisualStudioVersion = 10.0.40219.1
Project("{FAE04EC0-301F-11D3-BF4B-00C04F79EFBC}") = "MLP_Constructor", "MLP_Constructor\MLP_Constructor.csproj", "{6FE98A24-23E2-4D06-8236-F1F78210C037}"
EndProject
Project("{FAE04EC0-301F-11D3-BF4B-00C04F79EFBC}") = "WPFConstructor", "WPFConstructor\WPFConstructor.csproj", "{00F13E55-3F86-431C-A883-C831C9035B0B}"
EndProject
Project("{FAE04EC0-301F-11D3-BF4B-00C04F79EFBC}") = "MultyLayerPerceptron", "MultyLayerPerceptron\MultyLayerPerceptron.csproj", "{C251AE36-EF3E-4704-BC0B-7EB7C36FFB66}"
EndProject
Project("{FAE04EC0-301F-11D3-BF4B-00C04F79EFBC}") = "PerceptronHost", "PerceptronHost\PerceptronHost.csproj", "{562B6F03-0744-4D13-8ABD-7473E9A74894}"
EndProject
Global
	GlobalSection(SolutionConfigurationPlatforms) = preSolution
		Debug|Any CPU = Debug|Any CPU
		Release|Any CPU = Release|Any CPU
	EndGlobalSection
	GlobalSection(ProjectConfigurationPlatforms) = postSolution
		{6FE98A24-23E2-4D06-8236-F1F78210C037}.Debug|Any CPU.ActiveCfg = Debug|Any CPU
		{6FE98A24-23E2-4D06-8236-F1F78210C037}.Debug|Any CPU.Build.0 = Debug|Any CPU
		{6FE98A24-23E2-4D06-8236-F1F78210C037}.Release|Any CPU.ActiveCfg = Release|Any CPU
		{6FE98A24-23E2-4D06-8236-F1F78210C037}.Release|Any CPU.Build.0 = Release|Any CPU
		{00F13E55-3F86-431C-A883-C831C9035B0B}.Debug|Any CPU.ActiveCfg = Debug|Any CPU
		{00F13E55-3F86-431C-A883-C831C9035B0B}.Debug|Any CPU.Build.0 = Debug|Any CPU
		{00F13E55-3F86-431C-A883-C831C9035B0B}.Release|Any CPU.ActiveCfg = Release|Any CPU
		{00F13E55-3F86-431C-A883-C831C9035B0B}.Release|Any CPU.Build.0 = Release|Any CPU
		{C251AE36-EF3E-4704-BC0B-7EB7C36FFB66}.Debug|Any CPU.ActiveCfg = Debug|Any CPU
		{C251AE36-EF3E-4704-BC0B-7EB7C36FFB66}.Debug|Any CPU.Build.0 = Debug|Any CPU
		{C251AE36-EF3E-4704-BC0B-7EB7C36FFB66}.Release|Any CPU.ActiveCfg = Release|Any CPU
		{C251AE36-EF3E-4704-BC0B-7EB7C36FFB66}.Release|Any CPU.Build.0 = Release|Any CPU
		{562B6F03-0744-4D13-8ABD-7473E9A74894}.Debug|Any CPU.ActiveCfg = Debug|Any CPU
		{562B6F03-0744-4D13-8ABD-7473E9A74894}.Debug|Any CPU.Build.0 = Debug|Any CPU
		{562B6F03-0744-4D13-8ABD-7473E9A74894}.Release|Any CPU.ActiveCfg = Release|Any CPU
		{562B6F03-0744-4D13-8ABD-7473E9A74894}.Release|Any CPU.Build.0 = Release|Any CPU
	EndGlobalSection
	GlobalSection(SolutionProperties) = preSolution
		HideSolutionNode = FALSE
	EndGlobalSection
	GlobalSection(ExtensibilityGlobals) = postSolution
		SolutionGuid = {FFD9041F-877C-48EF-892A-2A68D7E9F6BB}
	EndGlobalSection
EndGlobal
